
Microsoft Visual Studio Solution File, Format Version 12.00
# Visual Studio 15
VisualStudioVersion = 15.0.27004.2005
MinimumVisualStudioVersion = 10.0.40219.1
Project("{FAE04EC0-301F-11D3-BF4B-00C04F79EFBC}") = "authenticator", "authenticator.csproj", "{39A6478C-1681-43CC-B68B-CBC8B346D7E1}"
EndProject
Global
	GlobalSection(SolutionConfigurationPlatforms) = preSolution
		Debug|Any CPU = Debug|Any CPU
		Release|Any CPU = Release|Any CPU
	EndGlobalSection
	GlobalSection(ProjectConfigurationPlatforms) = postSolution
		{39A6478C-1681-43CC-B68B-CBC8B346D7E1}.Debug|Any CPU.ActiveCfg = Debug|Any CPU
		{39A6478C-1681-43CC-B68B-CBC8B346D7E1}.Debug|Any CPU.Build.0 = Debug|Any CPU
		{39A6478C-1681-43CC-B68B-CBC8B346D7E1}.Release|Any CPU.ActiveCfg = Release|Any CPU
		{39A6478C-1681-43CC-B68B-CBC8B346D7E1}.Release|Any CPU.Build.0 = Release|Any CPU
	EndGlobalSection
	GlobalSection(SolutionProperties) = preSolution
		HideSolutionNode = FALSE
	EndGlobalSection
	GlobalSection(ExtensibilityGlobals) = postSolution
		SolutionGuid = {524AD9E6-2F5F-400F-8D55-B6831351D84F}
	EndGlobalSection
EndGlobal
